
Microsoft Visual Studio Solution File, Format Version 12.00
# Visual Studio Version 17
VisualStudioVersion = 17.8.34004.107
MinimumVisualStudioVersion = 10.0.40219.1
Project("{2150E333-8FDC-42A3-9474-1A3956D46DE8}") = "BuildingBlocks", "BuildingBlocks", "{AB02755C-38BF-4A0F-8C70-30A2828B842F}"
EndProject
Project("{9A19103F-16F7-4668-BE54-9A1E7A4F7556}") = "EventSourcing", "src\EventSourcing\EventSourcing.csproj", "{9CD25C5D-E2E2-4EBF-8325-27165F2D27F3}"
EndProject
Project("{2150E333-8FDC-42A3-9474-1A3956D46DE8}") = "Services", "Services", "{75C0DE8E-7835-462C-B54E-69B820E8AF85}"
EndProject
Project("{2150E333-8FDC-42A3-9474-1A3956D46DE8}") = "Catalogo", "Catalogo", "{8B7163C3-F63A-4A9C-80E4-A522E91D4F87}"
EndProject
Project("{2150E333-8FDC-42A3-9474-1A3956D46DE8}") = "NegocioCore", "NegocioCore", "{E5B3D9DA-97C1-467E-B142-07EA307C5892}"
EndProject
Project("{9A19103F-16F7-4668-BE54-9A1E7A4F7556}") = "Vjs.NegocioCore", "src\Vjs.NegocioCore\Vjs.NegocioCore.csproj", "{82D49032-C278-4CF9-94F9-849FF1EB99E2}"
EndProject
Project("{9A19103F-16F7-4668-BE54-9A1E7A4F7556}") = "Vjs.Catalogo.DataRepository", "src\Vjs.Catalogo.DataRepository\Vjs.Catalogo.DataRepository.csproj", "{35267BED-C4FD-4EBE-8BDD-2F12EBB19580}"
EndProject
Project("{9A19103F-16F7-4668-BE54-9A1E7A4F7556}") = "Vjs.Catalogo.Domain", "src\Vjs.Catalogo.Domain\Vjs.Catalogo.Domain.csproj", "{278D6AA1-B261-4272-B3F8-083378C0F119}"
EndProject
Project("{9A19103F-16F7-4668-BE54-9A1E7A4F7556}") = "Vjs.Catalogo.Application", "src\Vjs.Catalogo.Application\Vjs.Catalogo.Application.csproj", "{CC5BCAAD-D561-4A80-8F9F-A3AAA69E9BEF}"
EndProject
Project("{2150E333-8FDC-42A3-9474-1A3956D46DE8}") = "Tests", "Tests", "{B8D7C63D-5A51-4735-A20A-A69E437474DB}"
EndProject
Project("{9A19103F-16F7-4668-BE54-9A1E7A4F7556}") = "Vjs.Catalogo.Domain.Tests", "tests\Vjs.Catalogo.Domain.Tests\Vjs.Catalogo.Domain.Tests.csproj", "{44866E15-8FFA-4CF0-BD2A-C2BC765E02EF}"
EndProject
Project("{2150E333-8FDC-42A3-9474-1A3956D46DE8}") = "Vendas", "Vendas", "{B5D2CAB1-E56F-44D6-86DB-9B8C6714CC6D}"
EndProject
Project("{2150E333-8FDC-42A3-9474-1A3956D46DE8}") = "Pagamentos", "Pagamentos", "{A80D69A8-3862-4578-8462-DB4025D86D78}"
EndProject
Project("{9A19103F-16F7-4668-BE54-9A1E7A4F7556}") = "Vjs.Vendas.Domain", "src\Vjs.Vendas.Domain\Vjs.Vendas.Domain.csproj", "{FE78FFD6-6651-4A49-9BF8-BA29D5F9DABD}"
EndProject
Project("{9A19103F-16F7-4668-BE54-9A1E7A4F7556}") = "Vjs.Vendas.DataRepository", "src\Vjs.Vendas.DataRepository\Vjs.Vendas.DataRepository.csproj", "{C55075FA-F832-4F4A-BE05-4F2819D823E5}"
EndProject
Project("{9A19103F-16F7-4668-BE54-9A1E7A4F7556}") = "Vjs.Vendas.Application", "src\Vjs.Vendas.Application\Vjs.Vendas.Application.csproj", "{69747BA5-F0E6-48D3-BF38-151516D77335}"
EndProject
Project("{9A19103F-16F7-4668-BE54-9A1E7A4F7556}") = "Vjs.Pagamentos.AntiCorruption", "src\Vjs.Pagamentos.AntiCorruption\Vjs.Pagamentos.AntiCorruption.csproj", "{413CCBC9-BADB-401C-B645-A9A35D1FFB6A}"
EndProject
Project("{9A19103F-16F7-4668-BE54-9A1E7A4F7556}") = "Vjs.Pagamentos.Business", "src\Vjs.Pagamentos.Business\Vjs.Pagamentos.Business.csproj", "{76664EAB-28EC-40B7-BCE2-A99AD8B9B390}"
EndProject
Project("{9A19103F-16F7-4668-BE54-9A1E7A4F7556}") = "Vjs.Pagamentos.DataRepository", "src\Vjs.Pagamentos.DataRepository\Vjs.Pagamentos.DataRepository.csproj", "{A0ADA8CE-5BEE-42D0-B3B0-66BA7703239A}"
EndProject
Project("{2150E333-8FDC-42A3-9474-1A3956D46DE8}") = "WebApps", "WebApps", "{9F912CAD-5872-4088-A958-6CF63009613D}"
EndProject
Project("{9A19103F-16F7-4668-BE54-9A1E7A4F7556}") = "Vjs.MVC", "src\Vjs.MVC\Vjs.MVC.csproj", "{14A1E90D-EB3E-4FC0-BFB6-02CC5271BD14}"
EndProject
Project("{E53339B2-1760-4266-BCC7-CA923CBCF16C}") = "docker-compose", "docker-compose.dcproj", "{BE8AE35C-8E01-4ABD-B361-4775DEDDEE54}"
EndProject
Global
	GlobalSection(SolutionConfigurationPlatforms) = preSolution
		Debug|Any CPU = Debug|Any CPU
		Release|Any CPU = Release|Any CPU
	EndGlobalSection
	GlobalSection(ProjectConfigurationPlatforms) = postSolution
		{9CD25C5D-E2E2-4EBF-8325-27165F2D27F3}.Debug|Any CPU.ActiveCfg = Debug|Any CPU
		{9CD25C5D-E2E2-4EBF-8325-27165F2D27F3}.Debug|Any CPU.Build.0 = Debug|Any CPU
		{9CD25C5D-E2E2-4EBF-8325-27165F2D27F3}.Release|Any CPU.ActiveCfg = Release|Any CPU
		{9CD25C5D-E2E2-4EBF-8325-27165F2D27F3}.Release|Any CPU.Build.0 = Release|Any CPU
		{82D49032-C278-4CF9-94F9-849FF1EB99E2}.Debug|Any CPU.ActiveCfg = Debug|Any CPU
		{82D49032-C278-4CF9-94F9-849FF1EB99E2}.Debug|Any CPU.Build.0 = Debug|Any CPU
		{82D49032-C278-4CF9-94F9-849FF1EB99E2}.Release|Any CPU.ActiveCfg = Release|Any CPU
		{82D49032-C278-4CF9-94F9-849FF1EB99E2}.Release|Any CPU.Build.0 = Release|Any CPU
		{35267BED-C4FD-4EBE-8BDD-2F12EBB19580}.Debug|Any CPU.ActiveCfg = Debug|Any CPU
		{35267BED-C4FD-4EBE-8BDD-2F12EBB19580}.Debug|Any CPU.Build.0 = Debug|Any CPU
		{35267BED-C4FD-4EBE-8BDD-2F12EBB19580}.Release|Any CPU.ActiveCfg = Release|Any CPU
		{35267BED-C4FD-4EBE-8BDD-2F12EBB19580}.Release|Any CPU.Build.0 = Release|Any CPU
		{278D6AA1-B261-4272-B3F8-083378C0F119}.Debug|Any CPU.ActiveCfg = Debug|Any CPU
		{278D6AA1-B261-4272-B3F8-083378C0F119}.Debug|Any CPU.Build.0 = Debug|Any CPU
		{278D6AA1-B261-4272-B3F8-083378C0F119}.Release|Any CPU.ActiveCfg = Release|Any CPU
		{278D6AA1-B261-4272-B3F8-083378C0F119}.Release|Any CPU.Build.0 = Release|Any CPU
		{CC5BCAAD-D561-4A80-8F9F-A3AAA69E9BEF}.Debug|Any CPU.ActiveCfg = Debug|Any CPU
		{CC5BCAAD-D561-4A80-8F9F-A3AAA69E9BEF}.Debug|Any CPU.Build.0 = Debug|Any CPU
		{CC5BCAAD-D561-4A80-8F9F-A3AAA69E9BEF}.Release|Any CPU.ActiveCfg = Release|Any CPU
		{CC5BCAAD-D561-4A80-8F9F-A3AAA69E9BEF}.Release|Any CPU.Build.0 = Release|Any CPU
		{44866E15-8FFA-4CF0-BD2A-C2BC765E02EF}.Debug|Any CPU.ActiveCfg = Debug|Any CPU
		{44866E15-8FFA-4CF0-BD2A-C2BC765E02EF}.Debug|Any CPU.Build.0 = Debug|Any CPU
		{44866E15-8FFA-4CF0-BD2A-C2BC765E02EF}.Release|Any CPU.ActiveCfg = Release|Any CPU
		{44866E15-8FFA-4CF0-BD2A-C2BC765E02EF}.Release|Any CPU.Build.0 = Release|Any CPU
		{FE78FFD6-6651-4A49-9BF8-BA29D5F9DABD}.Debug|Any CPU.ActiveCfg = Debug|Any CPU
		{FE78FFD6-6651-4A49-9BF8-BA29D5F9DABD}.Debug|Any CPU.Build.0 = Debug|Any CPU
		{FE78FFD6-6651-4A49-9BF8-BA29D5F9DABD}.Release|Any CPU.ActiveCfg = Release|Any CPU
		{FE78FFD6-6651-4A49-9BF8-BA29D5F9DABD}.Release|Any CPU.Build.0 = Release|Any CPU
		{C55075FA-F832-4F4A-BE05-4F2819D823E5}.Debug|Any CPU.ActiveCfg = Debug|Any CPU
		{C55075FA-F832-4F4A-BE05-4F2819D823E5}.Debug|Any CPU.Build.0 = Debug|Any CPU
		{C55075FA-F832-4F4A-BE05-4F2819D823E5}.Release|Any CPU.ActiveCfg = Release|Any CPU
		{C55075FA-F832-4F4A-BE05-4F2819D823E5}.Release|Any CPU.Build.0 = Release|Any CPU
		{69747BA5-F0E6-48D3-BF38-151516D77335}.Debug|Any CPU.ActiveCfg = Debug|Any CPU
		{69747BA5-F0E6-48D3-BF38-151516D77335}.Debug|Any CPU.Build.0 = Debug|Any CPU
		{69747BA5-F0E6-48D3-BF38-151516D77335}.Release|Any CPU.ActiveCfg = Release|Any CPU
		{69747BA5-F0E6-48D3-BF38-151516D77335}.Release|Any CPU.Build.0 = Release|Any CPU
		{413CCBC9-BADB-401C-B645-A9A35D1FFB6A}.Debug|Any CPU.ActiveCfg = Debug|Any CPU
		{413CCBC9-BADB-401C-B645-A9A35D1FFB6A}.Debug|Any CPU.Build.0 = Debug|Any CPU
		{413CCBC9-BADB-401C-B645-A9A35D1FFB6A}.Release|Any CPU.ActiveCfg = Release|Any CPU
		{413CCBC9-BADB-401C-B645-A9A35D1FFB6A}.Release|Any CPU.Build.0 = Release|Any CPU
		{76664EAB-28EC-40B7-BCE2-A99AD8B9B390}.Debug|Any CPU.ActiveCfg = Debug|Any CPU
		{76664EAB-28EC-40B7-BCE2-A99AD8B9B390}.Debug|Any CPU.Build.0 = Debug|Any CPU
		{76664EAB-28EC-40B7-BCE2-A99AD8B9B390}.Release|Any CPU.ActiveCfg = Release|Any CPU
		{76664EAB-28EC-40B7-BCE2-A99AD8B9B390}.Release|Any CPU.Build.0 = Release|Any CPU
		{A0ADA8CE-5BEE-42D0-B3B0-66BA7703239A}.Debug|Any CPU.ActiveCfg = Debug|Any CPU
		{A0ADA8CE-5BEE-42D0-B3B0-66BA7703239A}.Debug|Any CPU.Build.0 = Debug|Any CPU
		{A0ADA8CE-5BEE-42D0-B3B0-66BA7703239A}.Release|Any CPU.ActiveCfg = Release|Any CPU
		{A0ADA8CE-5BEE-42D0-B3B0-66BA7703239A}.Release|Any CPU.Build.0 = Release|Any CPU
		{14A1E90D-EB3E-4FC0-BFB6-02CC5271BD14}.Debug|Any CPU.ActiveCfg = Debug|Any CPU
		{14A1E90D-EB3E-4FC0-BFB6-02CC5271BD14}.Debug|Any CPU.Build.0 = Debug|Any CPU
		{14A1E90D-EB3E-4FC0-BFB6-02CC5271BD14}.Release|Any CPU.ActiveCfg = Release|Any CPU
		{14A1E90D-EB3E-4FC0-BFB6-02CC5271BD14}.Release|Any CPU.Build.0 = Release|Any CPU
		{BE8AE35C-8E01-4ABD-B361-4775DEDDEE54}.Debug|Any CPU.ActiveCfg = Debug|Any CPU
		{BE8AE35C-8E01-4ABD-B361-4775DEDDEE54}.Debug|Any CPU.Build.0 = Debug|Any CPU
		{BE8AE35C-8E01-4ABD-B361-4775DEDDEE54}.Release|Any CPU.ActiveCfg = Release|Any CPU
		{BE8AE35C-8E01-4ABD-B361-4775DEDDEE54}.Release|Any CPU.Build.0 = Release|Any CPU
	EndGlobalSection
	GlobalSection(SolutionProperties) = preSolution
		HideSolutionNode = FALSE
	EndGlobalSection
	GlobalSection(NestedProjects) = preSolution
		{9CD25C5D-E2E2-4EBF-8325-27165F2D27F3} = {AB02755C-38BF-4A0F-8C70-30A2828B842F}
		{8B7163C3-F63A-4A9C-80E4-A522E91D4F87} = {75C0DE8E-7835-462C-B54E-69B820E8AF85}
		{E5B3D9DA-97C1-467E-B142-07EA307C5892} = {75C0DE8E-7835-462C-B54E-69B820E8AF85}
		{82D49032-C278-4CF9-94F9-849FF1EB99E2} = {E5B3D9DA-97C1-467E-B142-07EA307C5892}
		{35267BED-C4FD-4EBE-8BDD-2F12EBB19580} = {8B7163C3-F63A-4A9C-80E4-A522E91D4F87}
		{278D6AA1-B261-4272-B3F8-083378C0F119} = {8B7163C3-F63A-4A9C-80E4-A522E91D4F87}
		{CC5BCAAD-D561-4A80-8F9F-A3AAA69E9BEF} = {8B7163C3-F63A-4A9C-80E4-A522E91D4F87}
		{B8D7C63D-5A51-4735-A20A-A69E437474DB} = {8B7163C3-F63A-4A9C-80E4-A522E91D4F87}
		{44866E15-8FFA-4CF0-BD2A-C2BC765E02EF} = {B8D7C63D-5A51-4735-A20A-A69E437474DB}
		{B5D2CAB1-E56F-44D6-86DB-9B8C6714CC6D} = {75C0DE8E-7835-462C-B54E-69B820E8AF85}
		{A80D69A8-3862-4578-8462-DB4025D86D78} = {75C0DE8E-7835-462C-B54E-69B820E8AF85}
		{FE78FFD6-6651-4A49-9BF8-BA29D5F9DABD} = {B5D2CAB1-E56F-44D6-86DB-9B8C6714CC6D}
		{C55075FA-F832-4F4A-BE05-4F2819D823E5} = {B5D2CAB1-E56F-44D6-86DB-9B8C6714CC6D}
		{69747BA5-F0E6-48D3-BF38-151516D77335} = {B5D2CAB1-E56F-44D6-86DB-9B8C6714CC6D}
		{413CCBC9-BADB-401C-B645-A9A35D1FFB6A} = {A80D69A8-3862-4578-8462-DB4025D86D78}
		{76664EAB-28EC-40B7-BCE2-A99AD8B9B390} = {A80D69A8-3862-4578-8462-DB4025D86D78}
		{A0ADA8CE-5BEE-42D0-B3B0-66BA7703239A} = {A80D69A8-3862-4578-8462-DB4025D86D78}
		{14A1E90D-EB3E-4FC0-BFB6-02CC5271BD14} = {9F912CAD-5872-4088-A958-6CF63009613D}
	EndGlobalSection
	GlobalSection(ExtensibilityGlobals) = postSolution
		SolutionGuid = {CE972C79-E300-41BB-9E61-D47827F13593}
	EndGlobalSection
EndGlobal
